
Microsoft Visual Studio Solution File, Format Version 12.00
# Visual Studio 15
VisualStudioVersion = 15.0.28010.2019
MinimumVisualStudioVersion = 10.0.40219.1
Project("{FAE04EC0-301F-11D3-BF4B-00C04F79EFBC}") = "SimpleRestServer", "SimpleRestServer\SimpleRestServer.csproj", "{9A0894EE-7CC6-4047-B29A-64698AD151E9}"
EndProject
Global
	GlobalSection(SolutionConfigurationPlatforms) = preSolution
		Debug|Any CPU = Debug|Any CPU
		Release|Any CPU = Release|Any CPU
	EndGlobalSection
	GlobalSection(ProjectConfigurationPlatforms) = postSolution
		{9A0894EE-7CC6-4047-B29A-64698AD151E9}.Debug|Any CPU.ActiveCfg = Debug|Any CPU
		{9A0894EE-7CC6-4047-B29A-64698AD151E9}.Debug|Any CPU.Build.0 = Debug|Any CPU
		{9A0894EE-7CC6-4047-B29A-64698AD151E9}.Release|Any CPU.ActiveCfg = Release|Any CPU
		{9A0894EE-7CC6-4047-B29A-64698AD151E9}.Release|Any CPU.Build.0 = Release|Any CPU
	EndGlobalSection
	GlobalSection(SolutionProperties) = preSolution
		HideSolutionNode = FALSE
	EndGlobalSection
	GlobalSection(ExtensibilityGlobals) = postSolution
		SolutionGuid = {FE00E3F0-5D0C-443C-824B-05E2FAE844F2}
	EndGlobalSection
EndGlobal
